
Microsoft Visual Studio Solution File, Format Version 12.00
# Visual Studio Version 17
VisualStudioVersion = 17.4.33110.190
MinimumVisualStudioVersion = 10.0.40219.1
Project("{FAE04EC0-301F-11D3-BF4B-00C04F79EFBC}") = "MyRevitCommand", "MyRevitCommand\MyRevitCommand.csproj", "{DFDC82B9-AC50-4686-BD62-A3FE596DD8E0}"
EndProject
Global
	GlobalSection(SolutionConfigurationPlatforms) = preSolution
		Debug|Any CPU = Debug|Any CPU
		Release|Any CPU = Release|Any CPU
	EndGlobalSection
	GlobalSection(ProjectConfigurationPlatforms) = postSolution
		{DFDC82B9-AC50-4686-BD62-A3FE596DD8E0}.Debug|Any CPU.ActiveCfg = Debug|Any CPU
		{DFDC82B9-AC50-4686-BD62-A3FE596DD8E0}.Debug|Any CPU.Build.0 = Debug|Any CPU
		{DFDC82B9-AC50-4686-BD62-A3FE596DD8E0}.Release|Any CPU.ActiveCfg = Release|Any CPU
		{DFDC82B9-AC50-4686-BD62-A3FE596DD8E0}.Release|Any CPU.Build.0 = Release|Any CPU
	EndGlobalSection
	GlobalSection(SolutionProperties) = preSolution
		HideSolutionNode = FALSE
	EndGlobalSection
	GlobalSection(ExtensibilityGlobals) = postSolution
		SolutionGuid = {C010E00B-C653-43A1-88E9-CF89B5AC6503}
	EndGlobalSection
EndGlobal
